
Microsoft Visual Studio Solution File, Format Version 12.00
# Visual Studio 15
VisualStudioVersion = 15.0.28307.852
MinimumVisualStudioVersion = 10.0.40219.1
Project("{FAE04EC0-301F-11D3-BF4B-00C04F79EFBC}") = "EnumsAssignment", "EnumsAssignment\EnumsAssignment.csproj", "{1E80DBDD-776A-41EC-B9E3-CA238165FB18}"
EndProject
Global
	GlobalSection(SolutionConfigurationPlatforms) = preSolution
		Debug|Any CPU = Debug|Any CPU
		Release|Any CPU = Release|Any CPU
	EndGlobalSection
	GlobalSection(ProjectConfigurationPlatforms) = postSolution
		{1E80DBDD-776A-41EC-B9E3-CA238165FB18}.Debug|Any CPU.ActiveCfg = Debug|Any CPU
		{1E80DBDD-776A-41EC-B9E3-CA238165FB18}.Debug|Any CPU.Build.0 = Debug|Any CPU
		{1E80DBDD-776A-41EC-B9E3-CA238165FB18}.Release|Any CPU.ActiveCfg = Release|Any CPU
		{1E80DBDD-776A-41EC-B9E3-CA238165FB18}.Release|Any CPU.Build.0 = Release|Any CPU
	EndGlobalSection
	GlobalSection(SolutionProperties) = preSolution
		HideSolutionNode = FALSE
	EndGlobalSection
	GlobalSection(ExtensibilityGlobals) = postSolution
		SolutionGuid = {87AD0F60-BCDA-43CC-A484-AED0CD1E7292}
	EndGlobalSection
EndGlobal
