
Microsoft Visual Studio Solution File, Format Version 12.00
# Visual Studio 15
VisualStudioVersion = 15.0.28307.852
MinimumVisualStudioVersion = 10.0.40219.1
Project("{FAE04EC0-301F-11D3-BF4B-00C04F79EFBC}") = "TwentyOne", "TwentyOne\TwentyOne.csproj", "{07C660AC-929A-4EE8-97B2-58694B3861A8}"
EndProject
Global
	GlobalSection(SolutionConfigurationPlatforms) = preSolution
		Debug|Any CPU = Debug|Any CPU
		Release|Any CPU = Release|Any CPU
	EndGlobalSection
	GlobalSection(ProjectConfigurationPlatforms) = postSolution
		{07C660AC-929A-4EE8-97B2-58694B3861A8}.Debug|Any CPU.ActiveCfg = Debug|Any CPU
		{07C660AC-929A-4EE8-97B2-58694B3861A8}.Debug|Any CPU.Build.0 = Debug|Any CPU
		{07C660AC-929A-4EE8-97B2-58694B3861A8}.Release|Any CPU.ActiveCfg = Release|Any CPU
		{07C660AC-929A-4EE8-97B2-58694B3861A8}.Release|Any CPU.Build.0 = Release|Any CPU
	EndGlobalSection
	GlobalSection(SolutionProperties) = preSolution
		HideSolutionNode = FALSE
	EndGlobalSection
	GlobalSection(ExtensibilityGlobals) = postSolution
		SolutionGuid = {AEFCDD84-CCCC-407F-A696-7E84E3F00151}
	EndGlobalSection
EndGlobal
