
Microsoft Visual Studio Solution File, Format Version 12.00
# Visual Studio 15
VisualStudioVersion = 15.0.28307.852
MinimumVisualStudioVersion = 10.0.40219.1
Project("{FAE04EC0-301F-11D3-BF4B-00C04F79EFBC}") = "WebApplication2", "WebApplication2\WebApplication2.csproj", "{8F35A9A1-6ADA-4869-9558-6E9A635E5A9C}"
EndProject
Global
	GlobalSection(SolutionConfigurationPlatforms) = preSolution
		Debug|Any CPU = Debug|Any CPU
		Release|Any CPU = Release|Any CPU
	EndGlobalSection
	GlobalSection(ProjectConfigurationPlatforms) = postSolution
		{8F35A9A1-6ADA-4869-9558-6E9A635E5A9C}.Debug|Any CPU.ActiveCfg = Debug|Any CPU
		{8F35A9A1-6ADA-4869-9558-6E9A635E5A9C}.Debug|Any CPU.Build.0 = Debug|Any CPU
		{8F35A9A1-6ADA-4869-9558-6E9A635E5A9C}.Release|Any CPU.ActiveCfg = Release|Any CPU
		{8F35A9A1-6ADA-4869-9558-6E9A635E5A9C}.Release|Any CPU.Build.0 = Release|Any CPU
	EndGlobalSection
	GlobalSection(SolutionProperties) = preSolution
		HideSolutionNode = FALSE
	EndGlobalSection
	GlobalSection(ExtensibilityGlobals) = postSolution
		SolutionGuid = {54867C96-67D6-458F-AA78-6431987F50EF}
	EndGlobalSection
EndGlobal
