
Microsoft Visual Studio Solution File, Format Version 12.00
# Visual Studio 15
VisualStudioVersion = 15.0.28307.852
MinimumVisualStudioVersion = 10.0.40219.1
Project("{FAE04EC0-301F-11D3-BF4B-00C04F79EFBC}") = "LambdaExpressionAssignment", "LambdaExpressionAssignment\LambdaExpressionAssignment.csproj", "{037E705F-B444-4190-97C2-0D7E0921ABEF}"
EndProject
Global
	GlobalSection(SolutionConfigurationPlatforms) = preSolution
		Debug|Any CPU = Debug|Any CPU
		Release|Any CPU = Release|Any CPU
	EndGlobalSection
	GlobalSection(ProjectConfigurationPlatforms) = postSolution
		{037E705F-B444-4190-97C2-0D7E0921ABEF}.Debug|Any CPU.ActiveCfg = Debug|Any CPU
		{037E705F-B444-4190-97C2-0D7E0921ABEF}.Debug|Any CPU.Build.0 = Debug|Any CPU
		{037E705F-B444-4190-97C2-0D7E0921ABEF}.Release|Any CPU.ActiveCfg = Release|Any CPU
		{037E705F-B444-4190-97C2-0D7E0921ABEF}.Release|Any CPU.Build.0 = Release|Any CPU
	EndGlobalSection
	GlobalSection(SolutionProperties) = preSolution
		HideSolutionNode = FALSE
	EndGlobalSection
	GlobalSection(ExtensibilityGlobals) = postSolution
		SolutionGuid = {512D760C-F179-4594-87F6-0EAFF2DF561A}
	EndGlobalSection
EndGlobal
