
Microsoft Visual Studio Solution File, Format Version 12.00
# Visual Studio 15
VisualStudioVersion = 15.0.28307.852
MinimumVisualStudioVersion = 10.0.40219.1
Project("{FAE04EC0-301F-11D3-BF4B-00C04F79EFBC}") = "Interfaces", "Interfaces\Interfaces.csproj", "{07B971BF-2114-43A6-A666-43A28BD45F89}"
EndProject
Global
	GlobalSection(SolutionConfigurationPlatforms) = preSolution
		Debug|Any CPU = Debug|Any CPU
		Release|Any CPU = Release|Any CPU
	EndGlobalSection
	GlobalSection(ProjectConfigurationPlatforms) = postSolution
		{07B971BF-2114-43A6-A666-43A28BD45F89}.Debug|Any CPU.ActiveCfg = Debug|Any CPU
		{07B971BF-2114-43A6-A666-43A28BD45F89}.Debug|Any CPU.Build.0 = Debug|Any CPU
		{07B971BF-2114-43A6-A666-43A28BD45F89}.Release|Any CPU.ActiveCfg = Release|Any CPU
		{07B971BF-2114-43A6-A666-43A28BD45F89}.Release|Any CPU.Build.0 = Release|Any CPU
	EndGlobalSection
	GlobalSection(SolutionProperties) = preSolution
		HideSolutionNode = FALSE
	EndGlobalSection
	GlobalSection(ExtensibilityGlobals) = postSolution
		SolutionGuid = {A4A5122E-A8DD-4054-A82B-ACDB3E62A441}
	EndGlobalSection
EndGlobal
