
Microsoft Visual Studio Solution File, Format Version 12.00
# Visual Studio 15
VisualStudioVersion = 15.0.28307.852
MinimumVisualStudioVersion = 10.0.40219.1
Project("{FAE04EC0-301F-11D3-BF4B-00C04F79EFBC}") = "MathematicsAssignment", "MathematicsAssignment\MathematicsAssignment.csproj", "{DA1FDE60-13A3-4FE7-9061-EECE42FC3AAC}"
EndProject
Global
	GlobalSection(SolutionConfigurationPlatforms) = preSolution
		Debug|Any CPU = Debug|Any CPU
		Release|Any CPU = Release|Any CPU
	EndGlobalSection
	GlobalSection(ProjectConfigurationPlatforms) = postSolution
		{DA1FDE60-13A3-4FE7-9061-EECE42FC3AAC}.Debug|Any CPU.ActiveCfg = Debug|Any CPU
		{DA1FDE60-13A3-4FE7-9061-EECE42FC3AAC}.Debug|Any CPU.Build.0 = Debug|Any CPU
		{DA1FDE60-13A3-4FE7-9061-EECE42FC3AAC}.Release|Any CPU.ActiveCfg = Release|Any CPU
		{DA1FDE60-13A3-4FE7-9061-EECE42FC3AAC}.Release|Any CPU.Build.0 = Release|Any CPU
	EndGlobalSection
	GlobalSection(SolutionProperties) = preSolution
		HideSolutionNode = FALSE
	EndGlobalSection
	GlobalSection(ExtensibilityGlobals) = postSolution
		SolutionGuid = {EF25A9DB-CC05-4A12-8C17-E18B86600880}
	EndGlobalSection
EndGlobal
